
Microsoft Visual Studio Solution File, Format Version 12.00
# Visual Studio 15
VisualStudioVersion = 15.0.27004.2006
MinimumVisualStudioVersion = 10.0.40219.1
Project("{2150E333-8FDC-42A3-9474-1A3956D46DE8}") = "Common", "Common", "{06ECEB4A-A96A-45DA-9D73-19AA1DC8A14C}"
EndProject
Project("{2150E333-8FDC-42A3-9474-1A3956D46DE8}") = "Microservices", "Microservices", "{671B6E4F-C4A4-4A4B-8708-50DF5DC44672}"
EndProject
Project("{2150E333-8FDC-42A3-9474-1A3956D46DE8}") = "ApiGateway", "ApiGateway", "{96C45855-0D84-4F8B-AFFB-E415F4C63A46}"
EndProject
Project("{2150E333-8FDC-42A3-9474-1A3956D46DE8}") = "Configuration", "Configuration", "{62BD5223-3AC8-4DA0-9A81-9E6EA559A484}"
EndProject
Project("{2150E333-8FDC-42A3-9474-1A3956D46DE8}") = "Parameter", "Parameter", "{83999F1A-229B-4316-A0A3-369A3D80BB62}"
EndProject
Project("{FAE04EC0-301F-11D3-BF4B-00C04F79EFBC}") = "tNext.ApiGateway.Api", "ApiGateway\tNext.ApiGateway.Api\tNext.ApiGateway.Api.csproj", "{F2262F6C-3B19-4B1C-B841-D38D5A4F8B0E}"
	ProjectSection(ProjectDependencies) = postProject
		{AA245BA0-DD3F-4625-A738-5881E2326F72} = {AA245BA0-DD3F-4625-A738-5881E2326F72}
		{9302D1D4-95E7-4CF6-88E8-D8F8FBD62B08} = {9302D1D4-95E7-4CF6-88E8-D8F8FBD62B08}
	EndProjectSection
EndProject
Project("{FAE04EC0-301F-11D3-BF4B-00C04F79EFBC}") = "tNext.Common.Core", "Common\tNext.Common.Core\tNext.Common.Core.csproj", "{AA245BA0-DD3F-4625-A738-5881E2326F72}"
EndProject
Project("{FAE04EC0-301F-11D3-BF4B-00C04F79EFBC}") = "tNext.Microservices.Configuration.Api", "Microservices\Configuration\tNext.Microservices.Configuration.Api\tNext.Microservices.Configuration.Api.csproj", "{A51A2438-1D49-4753-BCE1-CA051D6CBB1B}"
EndProject
Project("{FAE04EC0-301F-11D3-BF4B-00C04F79EFBC}") = "tNext.Common.Model", "Common\tNext.Common.Model\tNext.Common.Model.csproj", "{9302D1D4-95E7-4CF6-88E8-D8F8FBD62B08}"
EndProject
Project("{2150E333-8FDC-42A3-9474-1A3956D46DE8}") = "Health", "Health", "{5DF48141-7947-4A79-B4CE-9569C481DD8A}"
EndProject
Project("{FAE04EC0-301F-11D3-BF4B-00C04F79EFBC}") = "tNext.Microservices.Health.Api", "Microservices\Health\tNext.Microservices.Health.Api\tNext.Microservices.Health.Api.csproj", "{44438C6D-DFE1-4298-BBE4-35A9F10E7A09}"
EndProject
Project("{FAE04EC0-301F-11D3-BF4B-00C04F79EFBC}") = "tNext.Microservices.Parameter.Api", "Microservices\Parameter\tNext.Microservices.Parameter.Api\tNext.Microservices.Parameter.Api.csproj", "{DA84AD58-9E90-4FD6-BBE0-110A0B4B74D6}"
EndProject
Project("{2150E333-8FDC-42A3-9474-1A3956D46DE8}") = "Campaign", "Campaign", "{A8BCAA2F-3BB6-4423-97C2-15DB7C0266F3}"
EndProject
Project("{FAE04EC0-301F-11D3-BF4B-00C04F79EFBC}") = "tNext.Microservices.Campaign.Api", "Microservices\Campaign\tNext.Microservices.Campaign.Api\tNext.Microservices.Campaign.Api.csproj", "{4CA21215-61CF-4BE5-BE23-76D79512B858}"
EndProject
Project("{2150E333-8FDC-42A3-9474-1A3956D46DE8}") = "Environment", "Environment", "{FCDD4A73-A824-49FB-B63B-B4BA3E1A0720}"
EndProject
Project("{FAE04EC0-301F-11D3-BF4B-00C04F79EFBC}") = "tNext.Microservices.Environment.Api", "Microservices\Environment\tNext.Microservices.Environment.Api\tNext.Microservices.Environment.Api.csproj", "{0BDB90E8-F3E6-4110-9498-C2036DAC7B9F}"
EndProject
Project("{FAE04EC0-301F-11D3-BF4B-00C04F79EFBC}") = "tNext.Common.UnitTest", "Common\tNext.Common.UnitTest\tNext.Common.UnitTest.csproj", "{EA3EEAD1-B304-4FD0-9B26-88B16C38821B}"
EndProject
Project("{FAE04EC0-301F-11D3-BF4B-00C04F79EFBC}") = "tNext.Microservices.Campaign.IntegrationTest", "tNext.Microservice.Camping.IntegrationTest\tNext.Microservices.Campaign.IntegrationTest.csproj", "{5F058F5C-BE6E-490D-857C-CC1D0068997C}"
EndProject
Project("{2150E333-8FDC-42A3-9474-1A3956D46DE8}") = "Customer", "Customer", "{86C94C63-1F83-4B19-9A8F-70394846FA19}"
EndProject
Project("{FAE04EC0-301F-11D3-BF4B-00C04F79EFBC}") = "tNext.Microservices.Customer.Api", "Microservices\Customer\tNext.Microservices.Customer.Api\tNext.Microservices.Customer.Api.csproj", "{AC7B7308-E2F0-43A0-928B-BA3E4A039F4E}"
EndProject
Project("{2150E333-8FDC-42A3-9474-1A3956D46DE8}") = "Solution Items", "Solution Items", "{89E83771-05EA-4E3B-8AEE-3B16647E297A}"
	ProjectSection(SolutionItems) = preProject
		InitializeSQLScripts.sql = InitializeSQLScripts.sql
	EndProjectSection
EndProject
Global
	GlobalSection(SolutionConfigurationPlatforms) = preSolution
		Debug|Any CPU = Debug|Any CPU
		Release|Any CPU = Release|Any CPU
	EndGlobalSection
	GlobalSection(ProjectConfigurationPlatforms) = postSolution
		{F2262F6C-3B19-4B1C-B841-D38D5A4F8B0E}.Debug|Any CPU.ActiveCfg = Debug|Any CPU
		{F2262F6C-3B19-4B1C-B841-D38D5A4F8B0E}.Debug|Any CPU.Build.0 = Debug|Any CPU
		{F2262F6C-3B19-4B1C-B841-D38D5A4F8B0E}.Release|Any CPU.ActiveCfg = Release|Any CPU
		{F2262F6C-3B19-4B1C-B841-D38D5A4F8B0E}.Release|Any CPU.Build.0 = Release|Any CPU
		{AA245BA0-DD3F-4625-A738-5881E2326F72}.Debug|Any CPU.ActiveCfg = Debug|Any CPU
		{AA245BA0-DD3F-4625-A738-5881E2326F72}.Debug|Any CPU.Build.0 = Debug|Any CPU
		{AA245BA0-DD3F-4625-A738-5881E2326F72}.Release|Any CPU.ActiveCfg = Release|Any CPU
		{AA245BA0-DD3F-4625-A738-5881E2326F72}.Release|Any CPU.Build.0 = Release|Any CPU
		{A51A2438-1D49-4753-BCE1-CA051D6CBB1B}.Debug|Any CPU.ActiveCfg = Debug|Any CPU
		{A51A2438-1D49-4753-BCE1-CA051D6CBB1B}.Debug|Any CPU.Build.0 = Debug|Any CPU
		{A51A2438-1D49-4753-BCE1-CA051D6CBB1B}.Release|Any CPU.ActiveCfg = Release|Any CPU
		{A51A2438-1D49-4753-BCE1-CA051D6CBB1B}.Release|Any CPU.Build.0 = Release|Any CPU
		{9302D1D4-95E7-4CF6-88E8-D8F8FBD62B08}.Debug|Any CPU.ActiveCfg = Debug|Any CPU
		{9302D1D4-95E7-4CF6-88E8-D8F8FBD62B08}.Debug|Any CPU.Build.0 = Debug|Any CPU
		{9302D1D4-95E7-4CF6-88E8-D8F8FBD62B08}.Release|Any CPU.ActiveCfg = Release|Any CPU
		{9302D1D4-95E7-4CF6-88E8-D8F8FBD62B08}.Release|Any CPU.Build.0 = Release|Any CPU
		{44438C6D-DFE1-4298-BBE4-35A9F10E7A09}.Debug|Any CPU.ActiveCfg = Debug|Any CPU
		{44438C6D-DFE1-4298-BBE4-35A9F10E7A09}.Debug|Any CPU.Build.0 = Debug|Any CPU
		{44438C6D-DFE1-4298-BBE4-35A9F10E7A09}.Release|Any CPU.ActiveCfg = Release|Any CPU
		{44438C6D-DFE1-4298-BBE4-35A9F10E7A09}.Release|Any CPU.Build.0 = Release|Any CPU
		{DA84AD58-9E90-4FD6-BBE0-110A0B4B74D6}.Debug|Any CPU.ActiveCfg = Debug|Any CPU
		{DA84AD58-9E90-4FD6-BBE0-110A0B4B74D6}.Debug|Any CPU.Build.0 = Debug|Any CPU
		{DA84AD58-9E90-4FD6-BBE0-110A0B4B74D6}.Release|Any CPU.ActiveCfg = Release|Any CPU
		{DA84AD58-9E90-4FD6-BBE0-110A0B4B74D6}.Release|Any CPU.Build.0 = Release|Any CPU
		{4CA21215-61CF-4BE5-BE23-76D79512B858}.Debug|Any CPU.ActiveCfg = Debug|Any CPU
		{4CA21215-61CF-4BE5-BE23-76D79512B858}.Debug|Any CPU.Build.0 = Debug|Any CPU
		{4CA21215-61CF-4BE5-BE23-76D79512B858}.Release|Any CPU.ActiveCfg = Release|Any CPU
		{4CA21215-61CF-4BE5-BE23-76D79512B858}.Release|Any CPU.Build.0 = Release|Any CPU
		{0BDB90E8-F3E6-4110-9498-C2036DAC7B9F}.Debug|Any CPU.ActiveCfg = Debug|Any CPU
		{0BDB90E8-F3E6-4110-9498-C2036DAC7B9F}.Debug|Any CPU.Build.0 = Debug|Any CPU
		{0BDB90E8-F3E6-4110-9498-C2036DAC7B9F}.Release|Any CPU.ActiveCfg = Release|Any CPU
		{0BDB90E8-F3E6-4110-9498-C2036DAC7B9F}.Release|Any CPU.Build.0 = Release|Any CPU
		{EA3EEAD1-B304-4FD0-9B26-88B16C38821B}.Debug|Any CPU.ActiveCfg = Debug|Any CPU
		{EA3EEAD1-B304-4FD0-9B26-88B16C38821B}.Debug|Any CPU.Build.0 = Debug|Any CPU
		{EA3EEAD1-B304-4FD0-9B26-88B16C38821B}.Release|Any CPU.ActiveCfg = Release|Any CPU
		{EA3EEAD1-B304-4FD0-9B26-88B16C38821B}.Release|Any CPU.Build.0 = Release|Any CPU
		{5F058F5C-BE6E-490D-857C-CC1D0068997C}.Debug|Any CPU.ActiveCfg = Debug|Any CPU
		{5F058F5C-BE6E-490D-857C-CC1D0068997C}.Debug|Any CPU.Build.0 = Debug|Any CPU
		{5F058F5C-BE6E-490D-857C-CC1D0068997C}.Release|Any CPU.ActiveCfg = Release|Any CPU
		{5F058F5C-BE6E-490D-857C-CC1D0068997C}.Release|Any CPU.Build.0 = Release|Any CPU
		{AC7B7308-E2F0-43A0-928B-BA3E4A039F4E}.Debug|Any CPU.ActiveCfg = Debug|Any CPU
		{AC7B7308-E2F0-43A0-928B-BA3E4A039F4E}.Debug|Any CPU.Build.0 = Debug|Any CPU
		{AC7B7308-E2F0-43A0-928B-BA3E4A039F4E}.Release|Any CPU.ActiveCfg = Release|Any CPU
		{AC7B7308-E2F0-43A0-928B-BA3E4A039F4E}.Release|Any CPU.Build.0 = Release|Any CPU
	EndGlobalSection
	GlobalSection(SolutionProperties) = preSolution
		HideSolutionNode = FALSE
	EndGlobalSection
	GlobalSection(NestedProjects) = preSolution
		{62BD5223-3AC8-4DA0-9A81-9E6EA559A484} = {671B6E4F-C4A4-4A4B-8708-50DF5DC44672}
		{83999F1A-229B-4316-A0A3-369A3D80BB62} = {671B6E4F-C4A4-4A4B-8708-50DF5DC44672}
		{F2262F6C-3B19-4B1C-B841-D38D5A4F8B0E} = {96C45855-0D84-4F8B-AFFB-E415F4C63A46}
		{AA245BA0-DD3F-4625-A738-5881E2326F72} = {06ECEB4A-A96A-45DA-9D73-19AA1DC8A14C}
		{A51A2438-1D49-4753-BCE1-CA051D6CBB1B} = {62BD5223-3AC8-4DA0-9A81-9E6EA559A484}
		{9302D1D4-95E7-4CF6-88E8-D8F8FBD62B08} = {06ECEB4A-A96A-45DA-9D73-19AA1DC8A14C}
		{5DF48141-7947-4A79-B4CE-9569C481DD8A} = {671B6E4F-C4A4-4A4B-8708-50DF5DC44672}
		{44438C6D-DFE1-4298-BBE4-35A9F10E7A09} = {5DF48141-7947-4A79-B4CE-9569C481DD8A}
		{DA84AD58-9E90-4FD6-BBE0-110A0B4B74D6} = {83999F1A-229B-4316-A0A3-369A3D80BB62}
		{A8BCAA2F-3BB6-4423-97C2-15DB7C0266F3} = {671B6E4F-C4A4-4A4B-8708-50DF5DC44672}
		{4CA21215-61CF-4BE5-BE23-76D79512B858} = {A8BCAA2F-3BB6-4423-97C2-15DB7C0266F3}
		{FCDD4A73-A824-49FB-B63B-B4BA3E1A0720} = {671B6E4F-C4A4-4A4B-8708-50DF5DC44672}
		{0BDB90E8-F3E6-4110-9498-C2036DAC7B9F} = {FCDD4A73-A824-49FB-B63B-B4BA3E1A0720}
		{EA3EEAD1-B304-4FD0-9B26-88B16C38821B} = {06ECEB4A-A96A-45DA-9D73-19AA1DC8A14C}
		{5F058F5C-BE6E-490D-857C-CC1D0068997C} = {A8BCAA2F-3BB6-4423-97C2-15DB7C0266F3}
		{86C94C63-1F83-4B19-9A8F-70394846FA19} = {671B6E4F-C4A4-4A4B-8708-50DF5DC44672}
		{AC7B7308-E2F0-43A0-928B-BA3E4A039F4E} = {86C94C63-1F83-4B19-9A8F-70394846FA19}
	EndGlobalSection
	GlobalSection(ExtensibilityGlobals) = postSolution
		EnterpriseLibraryConfigurationToolBinariesPathV6 = packages\EnterpriseLibrary.Common.6.0.1304.0\lib\NET45;packages\EnterpriseLibrary.Data.6.0.1304.0\lib\NET45;packages\EnterpriseLibrary.Data.SqlCe.6.0.1304.0\lib\NET45
		SolutionGuid = {5F3705A4-95F6-44FE-A0DC-3C4FD04398C7}
	EndGlobalSection
EndGlobal
